
Microsoft Visual Studio Solution File, Format Version 12.00
# Visual Studio Version 16
VisualStudioVersion = 16.0.28803.452
MinimumVisualStudioVersion = 10.0.40219.1
Project("{FAE04EC0-301F-11D3-BF4B-00C04F79EFBC}") = "DeclarativeDiagram", "DeclarativeDiagram\DeclarativeDiagram.csproj", "{94D028F0-CBCF-4954-83B7-BC07665B96BC}"
EndProject
Project("{FAE04EC0-301F-11D3-BF4B-00C04F79EFBC}") = "ConsoleTests", "ConsoleTests\ConsoleTests.csproj", "{67CB0E6C-D1CC-4FDE-8E12-2C18FCB3CAE4}"
EndProject
Project("{FAE04EC0-301F-11D3-BF4B-00C04F79EFBC}") = "DDClient", "DDClient\DDClient.csproj", "{CC9929AE-C44C-4534-8113-4673CEE36B1F}"
EndProject
Global
	GlobalSection(SolutionConfigurationPlatforms) = preSolution
		Debug|Any CPU = Debug|Any CPU
		Release|Any CPU = Release|Any CPU
	EndGlobalSection
	GlobalSection(ProjectConfigurationPlatforms) = postSolution
		{94D028F0-CBCF-4954-83B7-BC07665B96BC}.Debug|Any CPU.ActiveCfg = Debug|Any CPU
		{94D028F0-CBCF-4954-83B7-BC07665B96BC}.Debug|Any CPU.Build.0 = Debug|Any CPU
		{94D028F0-CBCF-4954-83B7-BC07665B96BC}.Release|Any CPU.ActiveCfg = Release|Any CPU
		{94D028F0-CBCF-4954-83B7-BC07665B96BC}.Release|Any CPU.Build.0 = Release|Any CPU
		{67CB0E6C-D1CC-4FDE-8E12-2C18FCB3CAE4}.Debug|Any CPU.ActiveCfg = Debug|Any CPU
		{67CB0E6C-D1CC-4FDE-8E12-2C18FCB3CAE4}.Debug|Any CPU.Build.0 = Debug|Any CPU
		{67CB0E6C-D1CC-4FDE-8E12-2C18FCB3CAE4}.Release|Any CPU.ActiveCfg = Release|Any CPU
		{67CB0E6C-D1CC-4FDE-8E12-2C18FCB3CAE4}.Release|Any CPU.Build.0 = Release|Any CPU
		{CC9929AE-C44C-4534-8113-4673CEE36B1F}.Debug|Any CPU.ActiveCfg = Debug|Any CPU
		{CC9929AE-C44C-4534-8113-4673CEE36B1F}.Debug|Any CPU.Build.0 = Debug|Any CPU
		{CC9929AE-C44C-4534-8113-4673CEE36B1F}.Release|Any CPU.ActiveCfg = Release|Any CPU
		{CC9929AE-C44C-4534-8113-4673CEE36B1F}.Release|Any CPU.Build.0 = Release|Any CPU
	EndGlobalSection
	GlobalSection(SolutionProperties) = preSolution
		HideSolutionNode = FALSE
	EndGlobalSection
	GlobalSection(ExtensibilityGlobals) = postSolution
		SolutionGuid = {EA4CABEA-6A18-405E-AEDF-A67DFCD0E433}
	EndGlobalSection
EndGlobal
